github.com/Konstantin8105/binaryexpr v0.1.0/go.mod h1:prPPFcv/zGCwhx78QW299JwMKP4xSkldgOwhZNr99GQ=
github.com/Konstantin8105/errors v0.1.0/go.mod h1:cKK/HtcfxJFe1RvnGzhWl8jcZpnTqZjKwvMBUrLsis4=
github.com/Konstantin8105/pow v0.1.0 h1:1FBuKD4UEXKRsP0snDUGqbok5LcwYPUbq5ClVOW++cE=
github.com/Konstantin8105/pow v0.1.0/go.mod h1:4Xe+OUZ7jwe74BFzgLepZw57cSFWba1/o6gTk53RBdI=
github.com/Konstantin8105/tree v0.1.0/go.mod h1:/KrCn6rMgf1uoXUY2HjVvML1LeLUULD1BDiHWJhJwII=
